
Microsoft Visual Studio Solution File, Format Version 12.00
# Visual Studio Version 16
VisualStudioVersion = 16.0.31025.194
MinimumVisualStudioVersion = 10.0.40219.1
Project("{FAE04EC0-301F-11D3-BF4B-00C04F79EFBC}") = "ConsoleAppInterakcja", "ConsoleAppInterakcja\ConsoleAppInterakcja.csproj", "{77F8232E-45B2-4C85-82EE-6598EE25CD53}"
EndProject
Global
	GlobalSection(SolutionConfigurationPlatforms) = preSolution
		Debug|Any CPU = Debug|Any CPU
		Release|Any CPU = Release|Any CPU
	EndGlobalSection
	GlobalSection(ProjectConfigurationPlatforms) = postSolution
		{77F8232E-45B2-4C85-82EE-6598EE25CD53}.Debug|Any CPU.ActiveCfg = Debug|Any CPU
		{77F8232E-45B2-4C85-82EE-6598EE25CD53}.Debug|Any CPU.Build.0 = Debug|Any CPU
		{77F8232E-45B2-4C85-82EE-6598EE25CD53}.Release|Any CPU.ActiveCfg = Release|Any CPU
		{77F8232E-45B2-4C85-82EE-6598EE25CD53}.Release|Any CPU.Build.0 = Release|Any CPU
	EndGlobalSection
	GlobalSection(SolutionProperties) = preSolution
		HideSolutionNode = FALSE
	EndGlobalSection
	GlobalSection(ExtensibilityGlobals) = postSolution
		SolutionGuid = {01A4B79A-8F93-42BD-84A8-E3B9D171C4C5}
	EndGlobalSection
EndGlobal
